PODS:
  - Hero (1.6.2)
  - lottie-ios (4.1.3)
  - TableViewReloadAnimation (0.0.5)

DEPENDENCIES:
  - Hero
  - lottie-ios
  - TableViewReloadAnimation (~> 0.0.5)

SPEC REPOS:
  trunk:
    - Hero
    - lottie-ios
    - TableViewReloadAnimation

SPEC CHECKSUMS:
  Hero: c69009dbc9e2f0472e081adc644dba05fcedae72
  lottie-ios: d0954d3150061f662ed0adf96ef98d7421864c47
  TableViewReloadAnimation: f3a4c4048efbc56331be98075f26a2e533a14c16

PODFILE CHECKSUM: 18da6e889773f6178b629ae2b67383cc8d94fba3

COCOAPODS: 1.11.3
