// !$*UTF8*$!
{
	archiveVersion = 1;
	classes = {
	};
	objectVersion = 55;
	objects = {

/* Begin PBXBuildFile section */
		3B1492C729B646650080539C /* AppDelegate.swift in Sources */ = {isa = PBXBuildFile; fileRef = 3B1492C629B646650080539C /* AppDelegate.swift */; };
		3B1492C929B646650080539C /* SceneDelegate.swift in Sources */ = {isa = PBXBuildFile; fileRef = 3B1492C829B646650080539C /* SceneDelegate.swift */; };
		3B1492CB29B646650080539C /* HomeViewController.swift in Sources */ = {isa = PBXBuildFile; fileRef = 3B1492CA29B646650080539C /* HomeViewController.swift */; };
		3B1492CE29B646650080539C /* Main.storyboard in Resources */ = {isa = PBXBuildFile; fileRef = 3B1492CC29B646650080539C /* Main.storyboard */; };
		3B1492D029B646660080539C /* Assets.xcassets in Resources */ = {isa = PBXBuildFile; fileRef = 3B1492CF29B646660080539C /* Assets.xcassets */; };
		3B1492D329B646660080539C /* LaunchScreen.storyboard in Resources */ = {isa = PBXBuildFile; fileRef = 3B1492D129B646660080539C /* LaunchScreen.storyboard */; };
		3B1492DD29B6578B0080539C /* UserDefaultsHelper.swift in Sources */ = {isa = PBXBuildFile; fileRef = 3B1492DC29B6578B0080539C /* UserDefaultsHelper.swift */; };
		3B1492E229B67CD60080539C /* OnBoardingViewController.swift in Sources */ = {isa = PBXBuildFile; fileRef = 3B1492E129B67CD60080539C /* OnBoardingViewController.swift */; };
		3B1492E529B681820080539C /* OnBoardingCollectionViewCell.swift in Sources */ = {isa = PBXBuildFile; fileRef = 3B1492E429B681820080539C /* OnBoardingCollectionViewCell.swift */; };
		3B1492E829B682160080539C /* UIView+Extension.swift in Sources */ = {isa = PBXBuildFile; fileRef = 3B1492E729B682160080539C /* UIView+Extension.swift */; };
		3B1492EA29B682EA0080539C /* OnBoardingModel.swift in Sources */ = {isa = PBXBuildFile; fileRef = 3B1492E929B682EA0080539C /* OnBoardingModel.swift */; };
		3B1492EC29B6880D0080539C /* todo-1.json in Resources */ = {isa = PBXBuildFile; fileRef = 3B1492EB29B6880D0080539C /* todo-1.json */; };
		3B1492F029B688CC0080539C /* todo-3.json in Resources */ = {isa = PBXBuildFile; fileRef = 3B1492EF29B688CC0080539C /* todo-3.json */; };
		3B1492F429B689690080539C /* OnBoardingViewModel.swift in Sources */ = {isa = PBXBuildFile; fileRef = 3B1492F329B689690080539C /* OnBoardingViewModel.swift */; };
		3B1C4B6529BA59940086DB6E /* Task.swift in Sources */ = {isa = PBXBuildFile; fileRef = 3B1C4B6429BA59940086DB6E /* Task.swift */; };
		3B1C4B6729BA68700086DB6E /* HomeViewModel.swift in Sources */ = {isa = PBXBuildFile; fileRef = 3B1C4B6629BA68700086DB6E /* HomeViewModel.swift */; };
		3BD6026029BB5CFA00CEE3DD /* TaskTableViewCell.swift in Sources */ = {isa = PBXBuildFile; fileRef = 3BD6025F29BB5CFA00CEE3DD /* TaskTableViewCell.swift */; };
		3BE290EE29BA436000EB2956 /* todo-2.json in Resources */ = {isa = PBXBuildFile; fileRef = 3BE290ED29BA436000EB2956 /* todo-2.json */; };
		969153ACC4150B713D758CF8 /* Pods_DemoLessonToDO.framework in Frameworks */ = {isa = PBXBuildFile; fileRef = D2830618066D4BE6CAFBF58D /* Pods_DemoLessonToDO.framework */; };
/* End PBXBuildFile section */

/* Begin PBXFileReference section */
		1DE3898FAE599F6249BFB522 /* Pods-DemoLessonToDO.debug.xcconfig */ = {isa = PBXFileReference; includeInIndex = 1; lastKnownFileType = text.xcconfig; name = "Pods-DemoLessonToDO.debug.xcconfig"; path = "Target Support Files/Pods-DemoLessonToDO/Pods-DemoLessonToDO.debug.xcconfig"; sourceTree = "<group>"; };
		3B1492C329B646650080539C /* DemoLessonToDO.app */ = {isa = PBXFileReference; explicitFileType = wrapper.application; includeInIndex = 0; path = DemoLessonToDO.app; sourceTree = BUILT_PRODUCTS_DIR; };
		3B1492C629B646650080539C /* AppDelegate.swift */ = {isa = PBXFileReference; lastKnownFileType = sourcecode.swift; path = AppDelegate.swift; sourceTree = "<group>"; };
		3B1492C829B646650080539C /* SceneDelegate.swift */ = {isa = PBXFileReference; lastKnownFileType = sourcecode.swift; path = SceneDelegate.swift; sourceTree = "<group>"; };
		3B1492CA29B646650080539C /* HomeViewController.swift */ = {isa = PBXFileReference; lastKnownFileType = sourcecode.swift; path = HomeViewController.swift; sourceTree = "<group>"; };
		3B1492CD29B646650080539C /* Base */ = {isa = PBXFileReference; lastKnownFileType = file.storyboard; name = Base; path = Base.lproj/Main.storyboard; sourceTree = "<group>"; };
		3B1492CF29B646660080539C /* Assets.xcassets */ = {isa = PBXFileReference; lastKnownFileType = folder.assetcatalog; path = Assets.xcassets; sourceTree = "<group>"; };
		3B1492D229B646660080539C /* Base */ = {isa = PBXFileReference; lastKnownFileType = file.storyboard; name = Base; path = Base.lproj/LaunchScreen.storyboard; sourceTree = "<group>"; };
		3B1492D429B646660080539C /* Info.plist */ = {isa = PBXFileReference; lastKnownFileType = text.plist.xml; path = Info.plist; sourceTree = "<group>"; };
		3B1492DC29B6578B0080539C /* UserDefaultsHelper.swift */ = {isa = PBXFileReference; lastKnownFileType = sourcecode.swift; path = UserDefaultsHelper.swift; sourceTree = "<group>"; };
		3B1492E129B67CD60080539C /* OnBoardingViewController.swift */ = {isa = PBXFileReference; lastKnownFileType = sourcecode.swift; path = OnBoardingViewController.swift; sourceTree = "<group>"; };
		3B1492E429B681820080539C /* OnBoardingCollectionViewCell.swift */ = {isa = PBXFileReference; lastKnownFileType = sourcecode.swift; path = OnBoardingCollectionViewCell.swift; sourceTree = "<group>"; };
		3B1492E729B682160080539C /* UIView+Extension.swift */ = {isa = PBXFileReference; lastKnownFileType = sourcecode.swift; path = "UIView+Extension.swift"; sourceTree = "<group>"; };
		3B1492E929B682EA0080539C /* OnBoardingModel.swift */ = {isa = PBXFileReference; lastKnownFileType = sourcecode.swift; path = OnBoardingModel.swift; sourceTree = "<group>"; };
		3B1492EB29B6880D0080539C /* todo-1.json */ = {isa = PBXFileReference; fileEncoding = 4; lastKnownFileType = text.json; path = "todo-1.json"; sourceTree = "<group>"; };
		3B1492EF29B688CC0080539C /* todo-3.json */ = {isa = PBXFileReference; fileEncoding = 4; lastKnownFileType = text.json; path = "todo-3.json"; sourceTree = "<group>"; };
		3B1492F329B689690080539C /* OnBoardingViewModel.swift */ = {isa = PBXFileReference; lastKnownFileType = sourcecode.swift; path = OnBoardingViewModel.swift; sourceTree = "<group>"; };
		3B1C4B6429BA59940086DB6E /* Task.swift */ = {isa = PBXFileReference; lastKnownFileType = sourcecode.swift; path = Task.swift; sourceTree = "<group>"; };
		3B1C4B6629BA68700086DB6E /* HomeViewModel.swift */ = {isa = PBXFileReference; lastKnownFileType = sourcecode.swift; path = HomeViewModel.swift; sourceTree = "<group>"; };
		3BD6025F29BB5CFA00CEE3DD /* TaskTableViewCell.swift */ = {isa = PBXFileReference; lastKnownFileType = sourcecode.swift; path = TaskTableViewCell.swift; sourceTree = "<group>"; };
		3BE290ED29BA436000EB2956 /* todo-2.json */ = {isa = PBXFileReference; fileEncoding = 4; lastKnownFileType = text.json; name = "todo-2.json"; path = "../../../../../Downloads/todo-2.json"; sourceTree = "<group>"; };
		7EF7416623515A6AE26E51D3 /* Pods-DemoLessonToDO.release.xcconfig */ = {isa = PBXFileReference; includeInIndex = 1; lastKnownFileType = text.xcconfig; name = "Pods-DemoLessonToDO.release.xcconfig"; path = "Target Support Files/Pods-DemoLessonToDO/Pods-DemoLessonToDO.release.xcconfig"; sourceTree = "<group>"; };
		D2830618066D4BE6CAFBF58D /* Pods_DemoLessonToDO.framework */ = {isa = PBXFileReference; explicitFileType = wrapper.framework; includeInIndex = 0; path = Pods_DemoLessonToDO.framework; sourceTree = BUILT_PRODUCTS_DIR; };
/* End PBXFileReference section */

/* Begin PBXFrameworksBuildPhase section */
		3B1492C029B646650080539C /* Frameworks */ = {
			isa = PBXFrameworksBuildPhase;
			buildActionMask = 2147483647;
			files = (
				969153ACC4150B713D758CF8 /* Pods_DemoLessonToDO.framework in Frameworks */,
			);
			runOnlyForDeploymentPostprocessing = 0;
		};
/* End PBXFrameworksBuildPhase section */

/* Begin PBXGroup section */
		3B1492BA29B646650080539C = {
			isa = PBXGroup;
			children = (
				3B1492C529B646650080539C /* DemoLessonToDO */,
				3B1492C429B646650080539C /* Products */,
				DE25E41B0D0868932BF994FD /* Pods */,
				F34A35BAED82AE56C4165680 /* Frameworks */,
			);
			sourceTree = "<group>";
		};
		3B1492C429B646650080539C /* Products */ = {
			isa = PBXGroup;
			children = (
				3B1492C329B646650080539C /* DemoLessonToDO.app */,
			);
			name = Products;
			sourceTree = "<group>";
		};
		3B1492C529B646650080539C /* DemoLessonToDO */ = {
			isa = PBXGroup;
			children = (
				3B1492DA29B6554C0080539C /* Resources */,
				3B1492DB29B657780080539C /* Helper */,
				3B1492E629B681F70080539C /* Extensions */,
				3B1492DE29B66C1C0080539C /* Entities */,
				3B1492E029B67CC00080539C /* OnBoarding */,
				3B1C4B5F29BA4AEB0086DB6E /* HomeScreen */,
				3B1492CC29B646650080539C /* Main.storyboard */,
				3B1492D129B646660080539C /* LaunchScreen.storyboard */,
				3B1492D429B646660080539C /* Info.plist */,
			);
			path = DemoLessonToDO;
			sourceTree = "<group>";
		};
		3B1492DA29B6554C0080539C /* Resources */ = {
			isa = PBXGroup;
			children = (
				3B1492C629B646650080539C /* AppDelegate.swift */,
				3B1492C829B646650080539C /* SceneDelegate.swift */,
				3B1492CF29B646660080539C /* Assets.xcassets */,
				3B1492EB29B6880D0080539C /* todo-1.json */,
				3BE290ED29BA436000EB2956 /* todo-2.json */,
				3B1492EF29B688CC0080539C /* todo-3.json */,
			);
			path = Resources;
			sourceTree = "<group>";
		};
		3B1492DB29B657780080539C /* Helper */ = {
			isa = PBXGroup;
			children = (
				3B1492DC29B6578B0080539C /* UserDefaultsHelper.swift */,
			);
			path = Helper;
			sourceTree = "<group>";
		};
		3B1492DE29B66C1C0080539C /* Entities */ = {
			isa = PBXGroup;
			children = (
				3B1492E929B682EA0080539C /* OnBoardingModel.swift */,
				3B1C4B6429BA59940086DB6E /* Task.swift */,
			);
			path = Entities;
			sourceTree = "<group>";
		};
		3B1492E029B67CC00080539C /* OnBoarding */ = {
			isa = PBXGroup;
			children = (
				3B1492F129B689420080539C /* ViewController */,
				3B1492F229B6894C0080539C /* ViewModel */,
				3B1492E329B681650080539C /* Cell */,
			);
			path = OnBoarding;
			sourceTree = "<group>";
		};
		3B1492E329B681650080539C /* Cell */ = {
			isa = PBXGroup;
			children = (
				3B1492E429B681820080539C /* OnBoardingCollectionViewCell.swift */,
			);
			path = Cell;
			sourceTree = "<group>";
		};
		3B1492E629B681F70080539C /* Extensions */ = {
			isa = PBXGroup;
			children = (
				3B1492E729B682160080539C /* UIView+Extension.swift */,
			);
			path = Extensions;
			sourceTree = "<group>";
		};
		3B1492F129B689420080539C /* ViewController */ = {
			isa = PBXGroup;
			children = (
				3B1492E129B67CD60080539C /* OnBoardingViewController.swift */,
			);
			path = ViewController;
			sourceTree = "<group>";
		};
		3B1492F229B6894C0080539C /* ViewModel */ = {
			isa = PBXGroup;
			children = (
				3B1492F329B689690080539C /* OnBoardingViewModel.swift */,
			);
			path = ViewModel;
			sourceTree = "<group>";
		};
		3B1C4B5F29BA4AEB0086DB6E /* HomeScreen */ = {
			isa = PBXGroup;
			children = (
				3B1C4B6029BA4B020086DB6E /* ViewController */,
				3B1C4B6129BA4B100086DB6E /* ViewModel */,
				3BD6025E29BB5CD800CEE3DD /* TableView */,
			);
			path = HomeScreen;
			sourceTree = "<group>";
		};
		3B1C4B6029BA4B020086DB6E /* ViewController */ = {
			isa = PBXGroup;
			children = (
				3B1492CA29B646650080539C /* HomeViewController.swift */,
			);
			path = ViewController;
			sourceTree = "<group>";
		};
		3B1C4B6129BA4B100086DB6E /* ViewModel */ = {
			isa = PBXGroup;
			children = (
				3B1C4B6629BA68700086DB6E /* HomeViewModel.swift */,
			);
			path = ViewModel;
			sourceTree = "<group>";
		};
		3BD6025E29BB5CD800CEE3DD /* TableView */ = {
			isa = PBXGroup;
			children = (
				3BD6025F29BB5CFA00CEE3DD /* TaskTableViewCell.swift */,
			);
			path = TableView;
			sourceTree = "<group>";
		};
		DE25E41B0D0868932BF994FD /* Pods */ = {
			isa = PBXGroup;
			children = (
				1DE3898FAE599F6249BFB522 /* Pods-DemoLessonToDO.debug.xcconfig */,
				7EF7416623515A6AE26E51D3 /* Pods-DemoLessonToDO.release.xcconfig */,
			);
			path = Pods;
			sourceTree = "<group>";
		};
		F34A35BAED82AE56C4165680 /* Frameworks */ = {
			isa = PBXGroup;
			children = (
				D2830618066D4BE6CAFBF58D /* Pods_DemoLessonToDO.framework */,
			);
			name = Frameworks;
			sourceTree = "<group>";
		};
/* End PBXGroup section */

/* Begin PBXNativeTarget section */
		3B1492C229B646650080539C /* DemoLessonToDO */ = {
			isa = PBXNativeTarget;
			buildConfigurationList = 3B1492D729B646660080539C /* Build configuration list for PBXNativeTarget "DemoLessonToDO" */;
			buildPhases = (
				30F3578BBCD5A28BCD15777C /* [CP] Check Pods Manifest.lock */,
				3B1492BF29B646650080539C /* Sources */,
				3B1492C029B646650080539C /* Frameworks */,
				3B1492C129B646650080539C /* Resources */,
				6E2F120522192F8C8632C2A3 /* [CP] Embed Pods Frameworks */,
			);
			buildRules = (
			);
			dependencies = (
			);
			name = DemoLessonToDO;
			productName = DemoLessonToDO;
			productReference = 3B1492C329B646650080539C /* DemoLessonToDO.app */;
			productType = "com.apple.product-type.application";
		};
/* End PBXNativeTarget section */

/* Begin PBXProject section */
		3B1492BB29B646650080539C /* Project object */ = {
			isa = PBXProject;
			attributes = {
				BuildIndependentTargetsInParallel = 1;
				LastSwiftUpdateCheck = 1420;
				LastUpgradeCheck = 1420;
				TargetAttributes = {
					3B1492C229B646650080539C = {
						CreatedOnToolsVersion = 14.2;
					};
				};
			};
			buildConfigurationList = 3B1492BE29B646650080539C /* Build configuration list for PBXProject "DemoLessonToDO" */;
			compatibilityVersion = "Xcode 13.0";
			developmentRegion = en;
			hasScannedForEncodings = 0;
			knownRegions = (
				en,
				Base,
			);
			mainGroup = 3B1492BA29B646650080539C;
			productRefGroup = 3B1492C429B646650080539C /* Products */;
			projectDirPath = "";
			projectRoot = "";
			targets = (
				3B1492C229B646650080539C /* DemoLessonToDO */,
			);
		};
/* End PBXProject section */

/* Begin PBXResourcesBuildPhase section */
		3B1492C129B646650080539C /* Resources */ = {
			isa = PBXResourcesBuildPhase;
			buildActionMask = 2147483647;
			files = (
				3B1492D329B646660080539C /* LaunchScreen.storyboard in Resources */,
				3B1492D029B646660080539C /* Assets.xcassets in Resources */,
				3BE290EE29BA436000EB2956 /* todo-2.json in Resources */,
				3B1492CE29B646650080539C /* Main.storyboard in Resources */,
				3B1492EC29B6880D0080539C /* todo-1.json in Resources */,
				3B1492F029B688CC0080539C /* todo-3.json in Resources */,
			);
			runOnlyForDeploymentPostprocessing = 0;
		};
/* End PBXResourcesBuildPhase section */

/* Begin PBXShellScriptBuildPhase section */
		30F3578BBCD5A28BCD15777C /* [CP] Check Pods Manifest.lock */ = {
			isa = PBXShellScriptBuildPhase;
			buildActionMask = 2147483647;
			files = (
			);
			inputFileListPaths = (
			);
			inputPaths = (
				"${PODS_PODFILE_DIR_PATH}/Podfile.lock",
				"${PODS_ROOT}/Manifest.lock",
			);
			name = "[CP] Check Pods Manifest.lock";
			outputFileListPaths = (
			);
			outputPaths = (
				"$(DERIVED_FILE_DIR)/Pods-DemoLessonToDO-checkManifestLockResult.txt",
			);
			runOnlyForDeploymentPostprocessing = 0;
			shellPath = /bin/sh;
			shellScript = "diff \"${PODS_PODFILE_DIR_PATH}/Podfile.lock\" \"${PODS_ROOT}/Manifest.lock\" > /dev/null\nif [ $? != 0 ] ; then\n    # print error to STDERR\n    echo \"error: The sandbox is not in sync with the Podfile.lock. Run 'pod install' or update your CocoaPods installation.\" >&2\n    exit 1\nfi\n# This output is used by Xcode 'outputs' to avoid re-running this script phase.\necho \"SUCCESS\" > \"${SCRIPT_OUTPUT_FILE_0}\"\n";
			showEnvVarsInLog = 0;
		};
		6E2F120522192F8C8632C2A3 /* [CP] Embed Pods Frameworks */ = {
			isa = PBXShellScriptBuildPhase;
			buildActionMask = 2147483647;
			files = (
			);
			inputFileListPaths = (
				"${PODS_ROOT}/Target Support Files/Pods-DemoLessonToDO/Pods-DemoLessonToDO-frameworks-${CONFIGURATION}-input-files.xcfilelist",
			);
			name = "[CP] Embed Pods Frameworks";
			outputFileListPaths = (
				"${PODS_ROOT}/Target Support Files/Pods-DemoLessonToDO/Pods-DemoLessonToDO-frameworks-${CONFIGURATION}-output-files.xcfilelist",
			);
			runOnlyForDeploymentPostprocessing = 0;
			shellPath = /bin/sh;
			shellScript = "\"${PODS_ROOT}/Target Support Files/Pods-DemoLessonToDO/Pods-DemoLessonToDO-frameworks.sh\"\n";
			showEnvVarsInLog = 0;
		};
/* End PBXShellScriptBuildPhase section */

/* Begin PBXSourcesBuildPhase section */
		3B1492BF29B646650080539C /* Sources */ = {
			isa = PBXSourcesBuildPhase;
			buildActionMask = 2147483647;
			files = (
				3B1492F429B689690080539C /* OnBoardingViewModel.swift in Sources */,
				3B1492CB29B646650080539C /* HomeViewController.swift in Sources */,
				3B1492E829B682160080539C /* UIView+Extension.swift in Sources */,
				3B1C4B6529BA59940086DB6E /* Task.swift in Sources */,
				3B1492C729B646650080539C /* AppDelegate.swift in Sources */,
				3B1492DD29B6578B0080539C /* UserDefaultsHelper.swift in Sources */,
				3B1C4B6729BA68700086DB6E /* HomeViewModel.swift in Sources */,
				3B1492EA29B682EA0080539C /* OnBoardingModel.swift in Sources */,
				3BD6026029BB5CFA00CEE3DD /* TaskTableViewCell.swift in Sources */,
				3B1492E529B681820080539C /* OnBoardingCollectionViewCell.swift in Sources */,
				3B1492C929B646650080539C /* SceneDelegate.swift in Sources */,
				3B1492E229B67CD60080539C /* OnBoardingViewController.swift in Sources */,
			);
			runOnlyForDeploymentPostprocessing = 0;
		};
/* End PBXSourcesBuildPhase section */

/* Begin PBXVariantGroup section */
		3B1492CC29B646650080539C /* Main.storyboard */ = {
			isa = PBXVariantGroup;
			children = (
				3B1492CD29B646650080539C /* Base */,
			);
			name = Main.storyboard;
			sourceTree = "<group>";
		};
		3B1492D129B646660080539C /* LaunchScreen.storyboard */ = {
			isa = PBXVariantGroup;
			children = (
				3B1492D229B646660080539C /* Base */,
			);
			name = LaunchScreen.storyboard;
			sourceTree = "<group>";
		};
/* End PBXVariantGroup section */

/* Begin XCBuildConfiguration section */
		3B1492D529B646660080539C /* Debug */ = {
			isa = XCBuildConfiguration;
			buildSettings = {
				ALWAYS_SEARCH_USER_PATHS = NO;
				CLANG_ANALYZER_NONNULL = YES;
				CLANG_ANALYZER_NUMBER_OBJECT_CONVERSION = YES_AGGRESSIVE;
				CLANG_CXX_LANGUAGE_STANDARD = "gnu++20";
				CLANG_ENABLE_MODULES = YES;
				CLANG_ENABLE_OBJC_ARC = YES;
				CLANG_ENABLE_OBJC_WEAK = YES;
				CLANG_WARN_BLOCK_CAPTURE_AUTORELEASING = YES;
				CLANG_WARN_BOOL_CONVERSION = YES;
				CLANG_WARN_COMMA = YES;
				CLANG_WARN_CONSTANT_CONVERSION = YES;
				CLANG_WARN_DEPRECATED_OBJC_IMPLEMENTATIONS = YES;
				CLANG_WARN_DIRECT_OBJC_ISA_USAGE = YES_ERROR;
				CLANG_WARN_DOCUMENTATION_COMMENTS = YES;
				CLANG_WARN_EMPTY_BODY = YES;
				CLANG_WARN_ENUM_CONVERSION = YES;
				CLANG_WARN_INFINITE_RECURSION = YES;
				CLANG_WARN_INT_CONVERSION = YES;
				CLANG_WARN_NON_LITERAL_NULL_CONVERSION = YES;
				CLANG_WARN_OBJC_IMPLICIT_RETAIN_SELF = YES;
				CLANG_WARN_OBJC_LITERAL_CONVERSION = YES;
				CLANG_WARN_OBJC_ROOT_CLASS = YES_ERROR;
				CLANG_WARN_QUOTED_INCLUDE_IN_FRAMEWORK_HEADER = YES;
				CLANG_WARN_RANGE_LOOP_ANALYSIS = YES;
				CLANG_WARN_STRICT_PROTOTYPES = YES;
				CLANG_WARN_SUSPICIOUS_MOVE = YES;
				CLANG_WARN_UNGUARDED_AVAILABILITY = YES_AGGRESSIVE;
				CLANG_WARN_UNREACHABLE_CODE = YES;
				CLANG_WARN__DUPLICATE_METHOD_MATCH = YES;
				COPY_PHASE_STRIP = NO;
				DEBUG_INFORMATION_FORMAT = dwarf;
				ENABLE_STRICT_OBJC_MSGSEND = YES;
				ENABLE_TESTABILITY = YES;
				GCC_C_LANGUAGE_STANDARD = gnu11;
				GCC_DYNAMIC_NO_PIC = NO;
				GCC_NO_COMMON_BLOCKS = YES;
				GCC_OPTIMIZATION_LEVEL = 0;
				GCC_PREPROCESSOR_DEFINITIONS = (
					"DEBUG=1",
					"$(inherited)",
				);
				GCC_WARN_64_TO_32_BIT_CONVERSION = YES;
				GCC_WARN_ABOUT_RETURN_TYPE = YES_ERROR;
				GCC_WARN_UNDECLARED_SELECTOR = YES;
				GCC_WARN_UNINITIALIZED_AUTOS = YES_AGGRESSIVE;
				GCC_WARN_UNUSED_FUNCTION = YES;
				GCC_WARN_UNUSED_VARIABLE = YES;
				IPHONEOS_DEPLOYMENT_TARGET = 14.0;
				MTL_ENABLE_DEBUG_INFO = INCLUDE_SOURCE;
				MTL_FAST_MATH = YES;
				ONLY_ACTIVE_ARCH = YES;
				SDKROOT = iphoneos;
				SWIFT_ACTIVE_COMPILATION_CONDITIONS = DEBUG;
				SWIFT_OPTIMIZATION_LEVEL = "-Onone";
			};
			name = Debug;
		};
		3B1492D629B646660080539C /* Release */ = {
			isa = XCBuildConfiguration;
			buildSettings = {
				ALWAYS_SEARCH_USER_PATHS = NO;
				CLANG_ANALYZER_NONNULL = YES;
				CLANG_ANALYZER_NUMBER_OBJECT_CONVERSION = YES_AGGRESSIVE;
				CLANG_CXX_LANGUAGE_STANDARD = "gnu++20";
				CLANG_ENABLE_MODULES = YES;
				CLANG_ENABLE_OBJC_ARC = YES;
				CLANG_ENABLE_OBJC_WEAK = YES;
				CLANG_WARN_BLOCK_CAPTURE_AUTORELEASING = YES;
				CLANG_WARN_BOOL_CONVERSION = YES;
				CLANG_WARN_COMMA = YES;
				CLANG_WARN_CONSTANT_CONVERSION = YES;
				CLANG_WARN_DEPRECATED_OBJC_IMPLEMENTATIONS = YES;
				CLANG_WARN_DIRECT_OBJC_ISA_USAGE = YES_ERROR;
				CLANG_WARN_DOCUMENTATION_COMMENTS = YES;
				CLANG_WARN_EMPTY_BODY = YES;
				CLANG_WARN_ENUM_CONVERSION = YES;
				CLANG_WARN_INFINITE_RECURSION = YES;
				CLANG_WARN_INT_CONVERSION = YES;
				CLANG_WARN_NON_LITERAL_NULL_CONVERSION = YES;
				CLANG_WARN_OBJC_IMPLICIT_RETAIN_SELF = YES;
				CLANG_WARN_OBJC_LITERAL_CONVERSION = YES;
				CLANG_WARN_OBJC_ROOT_CLASS = YES_ERROR;
				CLANG_WARN_QUOTED_INCLUDE_IN_FRAMEWORK_HEADER = YES;
				CLANG_WARN_RANGE_LOOP_ANALYSIS = YES;
				CLANG_WARN_STRICT_PROTOTYPES = YES;
				CLANG_WARN_SUSPICIOUS_MOVE = YES;
				CLANG_WARN_UNGUARDED_AVAILABILITY = YES_AGGRESSIVE;
				CLANG_WARN_UNREACHABLE_CODE = YES;
				CLANG_WARN__DUPLICATE_METHOD_MATCH = YES;
				COPY_PHASE_STRIP = NO;
				DEBUG_INFORMATION_FORMAT = "dwarf-with-dsym";
				ENABLE_NS_ASSERTIONS = NO;
				ENABLE_STRICT_OBJC_MSGSEND = YES;
				GCC_C_LANGUAGE_STANDARD = gnu11;
				GCC_NO_COMMON_BLOCKS = YES;
				GCC_WARN_64_TO_32_BIT_CONVERSION = YES;
				GCC_WARN_ABOUT_RETURN_TYPE = YES_ERROR;
				GCC_WARN_UNDECLARED_SELECTOR = YES;
				GCC_WARN_UNINITIALIZED_AUTOS = YES_AGGRESSIVE;
				GCC_WARN_UNUSED_FUNCTION = YES;
				GCC_WARN_UNUSED_VARIABLE = YES;
				IPHONEOS_DEPLOYMENT_TARGET = 14.0;
				MTL_ENABLE_DEBUG_INFO = NO;
				MTL_FAST_MATH = YES;
				SDKROOT = iphoneos;
				SWIFT_COMPILATION_MODE = wholemodule;
				SWIFT_OPTIMIZATION_LEVEL = "-O";
				VALIDATE_PRODUCT = YES;
			};
			name = Release;
		};
		3B1492D829B646660080539C /* Debug */ = {
			isa = XCBuildConfiguration;
			baseConfigurationReference = 1DE3898FAE599F6249BFB522 /* Pods-DemoLessonToDO.debug.xcconfig */;
			buildSettings = {
				ASSETCATALOG_COMPILER_APPICON_NAME = AppIcon;
				ASSETCATALOG_COMPILER_GLOBAL_ACCENT_COLOR_NAME = AccentColor;
				CODE_SIGN_STYLE = Automatic;
				CURRENT_PROJECT_VERSION = 1;
				GENERATE_INFOPLIST_FILE = YES;
				INFOPLIST_FILE = DemoLessonToDO/Info.plist;
				INFOPLIST_KEY_UIApplicationSupportsIndirectInputEvents = YES;
				INFOPLIST_KEY_UILaunchStoryboardName = LaunchScreen;
				INFOPLIST_KEY_UIMainStoryboardFile = Main;
				INFOPLIST_KEY_UISupportedInterfaceOrientations = UIInterfaceOrientationPortrait;
				INFOPLIST_KEY_UISupportedInterfaceOrientations_iPad = "UIInterfaceOrientationPortrait UIInterfaceOrientationPortraitUpsideDown";
				IPHONEOS_DEPLOYMENT_TARGET = 14.0;
				LD_RUNPATH_SEARCH_PATHS = (
					"$(inherited)",
					"@executable_path/Frameworks",
				);
				MARKETING_VERSION = 1.0;
				PRODUCT_BUNDLE_IDENTIFIER = com.nihadallahveranov.DemoLessonToDO;
				PRODUCT_NAME = "$(TARGET_NAME)";
				SUPPORTED_PLATFORMS = "iphoneos iphonesimulator";
				SUPPORTS_MACCATALYST = NO;
				SUPPORTS_MAC_DESIGNED_FOR_IPHONE_IPAD = NO;
				SWIFT_EMIT_LOC_STRINGS = YES;
				SWIFT_VERSION = 5.0;
				TARGETED_DEVICE_FAMILY = "1,2";
			};
			name = Debug;
		};
		3B1492D929B646660080539C /* Release */ = {
			isa = XCBuildConfiguration;
			baseConfigurationReference = 7EF7416623515A6AE26E51D3 /* Pods-DemoLessonToDO.release.xcconfig */;
			buildSettings = {
				ASSETCATALOG_COMPILER_APPICON_NAME = AppIcon;
				ASSETCATALOG_COMPILER_GLOBAL_ACCENT_COLOR_NAME = AccentColor;
				CODE_SIGN_STYLE = Automatic;
				CURRENT_PROJECT_VERSION = 1;
				GENERATE_INFOPLIST_FILE = YES;
				INFOPLIST_FILE = DemoLessonToDO/Info.plist;
				INFOPLIST_KEY_UIApplicationSupportsIndirectInputEvents = YES;
				INFOPLIST_KEY_UILaunchStoryboardName = LaunchScreen;
				INFOPLIST_KEY_UIMainStoryboardFile = Main;
				INFOPLIST_KEY_UISupportedInterfaceOrientations = UIInterfaceOrientationPortrait;
				INFOPLIST_KEY_UISupportedInterfaceOrientations_iPad = "UIInterfaceOrientationPortrait UIInterfaceOrientationPortraitUpsideDown";
				IPHONEOS_DEPLOYMENT_TARGET = 14.0;
				LD_RUNPATH_SEARCH_PATHS = (
					"$(inherited)",
					"@executable_path/Frameworks",
				);
				MARKETING_VERSION = 1.0;
				PRODUCT_BUNDLE_IDENTIFIER = com.nihadallahveranov.DemoLessonToDO;
				PRODUCT_NAME = "$(TARGET_NAME)";
				SUPPORTED_PLATFORMS = "iphoneos iphonesimulator";
				SUPPORTS_MACCATALYST = NO;
				SUPPORTS_MAC_DESIGNED_FOR_IPHONE_IPAD = NO;
				SWIFT_EMIT_LOC_STRINGS = YES;
				SWIFT_VERSION = 5.0;
				TARGETED_DEVICE_FAMILY = "1,2";
			};
			name = Release;
		};
/* End XCBuildConfiguration section */

/* Begin XCConfigurationList section */
		3B1492BE29B646650080539C /* Build configuration list for PBXProject "DemoLessonToDO" */ = {
			isa = XCConfigurationList;
			buildConfigurations = (
				3B1492D529B646660080539C /* Debug */,
				3B1492D629B646660080539C /* Release */,
			);
			defaultConfigurationIsVisible = 0;
			defaultConfigurationName = Release;
		};
		3B1492D729B646660080539C /* Build configuration list for PBXNativeTarget "DemoLessonToDO" */ = {
			isa = XCConfigurationList;
			buildConfigurations = (
				3B1492D829B646660080539C /* Debug */,
				3B1492D929B646660080539C /* Release */,
			);
			defaultConfigurationIsVisible = 0;
			defaultConfigurationName = Release;
		};
/* End XCConfigurationList section */
	};
	rootObject = 3B1492BB29B646650080539C /* Project object */;
}
